{
  "name": "ts",
  "version": "1.0.0",
  "lockfileVersion": 1,
  "requires": true,
  "dependencies": {
    "@babel/runtime": {
      "version": "7.14.0",
      "resolved": "https://registry.nlark.com/@babel/runtime/download/@babel/runtime-7.14.0.tgz?cache=0&sync_timestamp=1619727414495&other_urls=https%3A%2F%2Fregistry.nlark.com%2F%40babel%2Fruntime%2Fdownload%2F%40babel%2Fruntime-7.14.0.tgz",
      "integrity": "sha1-RnlLwgthLF915i3QceJN/ZXxy+Y=",
      "requires": {
        "regenerator-runtime": "^0.13.4"
      }
    },
    "@napi-rs/triples": {
      "version": "1.0.2",
      "resolved": "https://registry.npm.taobao.org/@napi-rs/triples/download/@napi-rs/triples-1.0.2.tgz",
      "integrity": "sha1-LOTGp4VoNYdyAI9WTuUAkJPSChk=",
      "dev": true
    },
    "@node-rs/helper": {
      "version": "1.1.0",
      "resolved": "https://registry.npm.taobao.org/@node-rs/helper/download/@node-rs/helper-1.1.0.tgz",
      "integrity": "sha1-T8u+uuO4GTLR/z5DHHzTiGtQR0I=",
      "dev": true,
      "requires": {
        "@napi-rs/triples": "^1.0.2",
        "tslib": "^2.1.0"
      }
    },
    "@swc/core": {
      "version": "1.2.59",
      "resolved": "https://registry.nlark.com/@swc/core/download/@swc/core-1.2.59.tgz",
      "integrity": "sha1-PYE4DFobwn6/EkrXl6m/oJwWd1o=",
      "dev": true,
      "requires": {
        "@node-rs/helper": "^1.0.0",
        "@swc/core-android-arm64": "^1.2.59",
        "@swc/core-darwin-arm64": "^1.2.59",
        "@swc/core-darwin-x64": "^1.2.59",
        "@swc/core-freebsd-x64": "^1.2.59",
        "@swc/core-linux-arm-gnueabihf": "^1.2.59",
        "@swc/core-linux-arm64-gnu": "^1.2.59",
        "@swc/core-linux-x64-gnu": "^1.2.59",
        "@swc/core-linux-x64-musl": "^1.2.59",
        "@swc/core-win32-ia32-msvc": "^1.2.59",
        "@swc/core-win32-x64-msvc": "^1.2.59"
      }
    },
    "@swc/core-android-arm64": {
      "version": "1.2.59",
      "resolved": "https://registry.nlark.com/@swc/core-android-arm64/download/@swc/core-android-arm64-1.2.59.tgz",
      "integrity": "sha1-DE/vC1vnqfQAi70sfVJ9ovRxenA=",
      "dev": true,
      "optional": true
    },
    "@swc/core-darwin-arm64": {
      "version": "1.2.59",
      "resolved": "https://registry.nlark.com/@swc/core-darwin-arm64/download/@swc/core-darwin-arm64-1.2.59.tgz",
      "integrity": "sha1-qB/duNgk79+hYPVb0utq3io7REs=",
      "dev": true,
      "optional": true
    },
    "@swc/core-darwin-x64": {
      "version": "1.2.59",
      "resolved": "https://registry.nlark.com/@swc/core-darwin-x64/download/@swc/core-darwin-x64-1.2.59.tgz",
      "integrity": "sha1-u33p/f56hRpWvVlzxkFSs3bgUCA=",
      "dev": true,
      "optional": true
    },
    "@swc/core-freebsd-x64": {
      "version": "1.2.59",
      "resolved": "https://registry.nlark.com/@swc/core-freebsd-x64/download/@swc/core-freebsd-x64-1.2.59.tgz",
      "integrity": "sha1-n1dICUidGF4WVjz/bDS6DhLL7lc=",
      "dev": true,
      "optional": true
    },
    "@swc/core-linux-arm-gnueabihf": {
      "version": "1.2.59",
      "resolved": "https://registry.nlark.com/@swc/core-linux-arm-gnueabihf/download/@swc/core-linux-arm-gnueabihf-1.2.59.tgz",
      "integrity": "sha1-SIVqgejpKx2YKW/wpculFcVHwGA=",
      "dev": true,
      "optional": true
    },
    "@swc/core-linux-arm64-gnu": {
      "version": "1.2.59",
      "resolved": "https://registry.nlark.com/@swc/core-linux-arm64-gnu/download/@swc/core-linux-arm64-gnu-1.2.59.tgz",
      "integrity": "sha1-TC5wjNQuzh+qV/kkKli+ftLxkgw=",
      "dev": true,
      "optional": true
    },
    "@swc/core-linux-x64-gnu": {
      "version": "1.2.59",
      "resolved": "https://registry.nlark.com/@swc/core-linux-x64-gnu/download/@swc/core-linux-x64-gnu-1.2.59.tgz",
      "integrity": "sha1-nvZoJE6BRV2XmXg9dSFo6njbaFM=",
      "dev": true,
      "optional": true
    },
    "@swc/core-linux-x64-musl": {
      "version": "1.2.59",
      "resolved": "https://registry.nlark.com/@swc/core-linux-x64-musl/download/@swc/core-linux-x64-musl-1.2.59.tgz",
      "integrity": "sha1-X8rRThcxpQqAex99/E/dmfoLq6E=",
      "dev": true,
      "optional": true
    },
    "@swc/core-win32-ia32-msvc": {
      "version": "1.2.59",
      "resolved": "https://registry.nlark.com/@swc/core-win32-ia32-msvc/download/@swc/core-win32-ia32-msvc-1.2.59.tgz",
      "integrity": "sha1-Zol9oMZF5lHMOF4F5NyxPGTJu/8=",
      "dev": true,
      "optional": true
    },
    "@swc/core-win32-x64-msvc": {
      "version": "1.2.59",
      "resolved": "https://registry.nlark.com/@swc/core-win32-x64-msvc/download/@swc/core-win32-x64-msvc-1.2.59.tgz",
      "integrity": "sha1-ZPBv0NR8JLLHslP3Z0nqSP30cEE=",
      "dev": true,
      "optional": true
    },
    "@swc/wasm": {
      "version": "1.2.58",
      "resolved": "https://registry.nlark.com/@swc/wasm/download/@swc/wasm-1.2.58.tgz",
      "integrity": "sha1-lpR5H2ZM9DwKKeMgZW5lOgN8qLI=",
      "dev": true
    },
    "@tsconfig/node10": {
      "version": "1.0.7",
      "resolved": "https://registry.nlark.com/@tsconfig/node10/download/@tsconfig/node10-1.0.7.tgz",
      "integrity": "sha1-HrHeNsc0eKJHnMZh71rxwW2G1gY=",
      "dev": true
    },
    "@tsconfig/node12": {
      "version": "1.0.7",
      "resolved": "https://registry.npm.taobao.org/@tsconfig/node12/download/@tsconfig/node12-1.0.7.tgz",
      "integrity": "sha1-Z3vZEX6BZNwxmYfdb/X8G6b78Ys=",
      "dev": true
    },
    "@tsconfig/node14": {
      "version": "1.0.0",
      "resolved": "https://registry.npm.taobao.org/@tsconfig/node14/download/@tsconfig/node14-1.0.0.tgz",
      "integrity": "sha1-W9BG5Qix7pC8CRdmdYg4dB/e/W4=",
      "dev": true
    },
    "@tsconfig/node16": {
      "version": "1.0.1",
      "resolved": "https://registry.nlark.com/@tsconfig/node16/download/@tsconfig/node16-1.0.1.tgz",
      "integrity": "sha1-pspqmg/zZq9DP0L18OEkeU/2uPE=",
      "dev": true
    },
    "@types/jquery": {
      "version": "3.5.5",
      "resolved": "https://registry.npm.taobao.org/@types/jquery/download/@types/jquery-3.5.5.tgz",
      "integrity": "sha1-LGP0fJyNlmk9Jy9UU2Aq/YM4yQM=",
      "dev": true,
      "requires": {
        "@types/sizzle": "*"
      }
    },
    "@types/lodash": {
      "version": "4.14.168",
      "resolved": "https://registry.npm.taobao.org/@types/lodash/download/@types/lodash-4.14.168.tgz?cache=0&sync_timestamp=1613379246862&other_urls=https%3A%2F%2Fregistry.npm.taobao.org%2F%40types%2Flodash%2Fdownload%2F%40types%2Flodash-4.14.168.tgz",
      "integrity": "sha1-/iRjLnm3rePxMoka//hsql5c4Ag=",
      "dev": true
    },
    "@types/lodash-es": {
      "version": "4.17.4",
      "resolved": "https://registry.npm.taobao.org/@types/lodash-es/download/@types/lodash-es-4.17.4.tgz",
      "integrity": "sha1-suRA0r+Kk1hKn9eYRS7El5hsm5c=",
      "dev": true,
      "requires": {
        "@types/lodash": "*"
      }
    },
    "@types/node": {
      "version": "10.17.60",
      "resolved": "https://registry.nlark.com/@types/node/download/@types/node-10.17.60.tgz",
      "integrity": "sha1-NfPWIT2u2V2n8Pc+dbzGmA6QWXs=",
      "dev": true
    },
    "@types/sizzle": {
      "version": "2.3.2",
      "resolved": "https://registry.npm.taobao.org/@types/sizzle/download/@types/sizzle-2.3.2.tgz?cache=0&sync_timestamp=1588201710389&other_urls=https%3A%2F%2Fregistry.npm.taobao.org%2F%40types%2Fsizzle%2Fdownload%2F%40types%2Fsizzle-2.3.2.tgz",
      "integrity": "sha1-qBG4wY4rq6t9VCszZYh64uTZ3kc=",
      "dev": true
    },
    "arg": {
      "version": "4.1.3",
      "resolved": "https://registry.npm.taobao.org/arg/download/arg-4.1.3.tgz?cache=0&sync_timestamp=1580666454632&other_urls=https%3A%2F%2Fregistry.npm.taobao.org%2Farg%2Fdownload%2Farg-4.1.3.tgz",
      "integrity": "sha1-Jp/HrVuOQstjyJbVZmAXJhwUQIk=",
      "dev": true
    },
    "buffer-from": {
      "version": "1.1.1",
      "resolved": "https://registry.npm.taobao.org/buffer-from/download/buffer-from-1.1.1.tgz",
      "integrity": "sha1-MnE7wCj3XAL9txDXx7zsHyxgcO8=",
      "dev": true
    },
    "core-decorators": {
      "version": "0.20.0",
      "resolved": "https://registry.npm.taobao.org/core-decorators/download/core-decorators-0.20.0.tgz",
      "integrity": "sha1-YFiWYkBTr4wo775zXCWjAaYcZcU="
    },
    "create-require": {
      "version": "1.1.1",
      "resolved": "https://registry.npm.taobao.org/create-require/download/create-require-1.1.1.tgz",
      "integrity": "sha1-wdfo8eX2z8n/ZfnNNS03NIdWwzM=",
      "dev": true
    },
    "csstype": {
      "version": "3.0.8",
      "resolved": "https://registry.nlark.com/csstype/download/csstype-3.0.8.tgz?cache=0&sync_timestamp=1618818466657&other_urls=https%3A%2F%2Fregistry.nlark.com%2Fcsstype%2Fdownload%2Fcsstype-3.0.8.tgz",
      "integrity": "sha1-0iZqeScp+yJ80hb7Vy9Dco4a00A="
    },
    "diff": {
      "version": "4.0.2",
      "resolved": "https://registry.npm.taobao.org/diff/download/diff-4.0.2.tgz",
      "integrity": "sha1-YPOuy4nV+uUgwRqhnvwruYKq3n0=",
      "dev": true
    },
    "lodash": {
      "version": "4.17.21",
      "resolved": "https://registry.npm.taobao.org/lodash/download/lodash-4.17.21.tgz?cache=0&sync_timestamp=1613835860585&other_urls=https%3A%2F%2Fregistry.npm.taobao.org%2Flodash%2Fdownload%2Flodash-4.17.21.tgz",
      "integrity": "sha1-Z5WRxWTDv/quhFTPCz3zcMPWkRw="
    },
    "make-error": {
      "version": "1.3.6",
      "resolved": "https://registry.npm.taobao.org/make-error/download/make-error-1.3.6.tgz",
      "integrity": "sha1-LrLjfqm2fEiR9oShOUeZr0hM96I=",
      "dev": true
    },
    "redux": {
      "version": "4.1.0",
      "resolved": "https://registry.nlark.com/redux/download/redux-4.1.0.tgz",
      "integrity": "sha1-6wSWefL1I8N58a/zRchhLylMiNQ=",
      "requires": {
        "@babel/runtime": "^7.9.2"
      }
    },
    "reflect-metadata": {
      "version": "0.1.13",
      "resolved": "https://registry.npm.taobao.org/reflect-metadata/download/reflect-metadata-0.1.13.tgz",
      "integrity": "sha1-Z648pXyXKiqhZCsQ/jY/4y1J3Ag="
    },
    "regenerator-runtime": {
      "version": "0.13.7",
      "resolved": "https://registry.npm.taobao.org/regenerator-runtime/download/regenerator-runtime-0.13.7.tgz",
      "integrity": "sha1-ysLazIoepnX+qrrriugziYrkb1U="
    },
    "source-map": {
      "version": "0.6.1",
      "resolved": "https://registry.npm.taobao.org/source-map/download/source-map-0.6.1.tgz",
      "integrity": "sha1-dHIq8y6WFOnCh6jQu95IteLxomM=",
      "dev": true
    },
    "source-map-support": {
      "version": "0.5.19",
      "resolved": "https://registry.npm.taobao.org/source-map-support/download/source-map-support-0.5.19.tgz",
      "integrity": "sha1-qYti+G3K9PZzmWSMCFKRq56P7WE=",
      "dev": true,
      "requires": {
        "buffer-from": "^1.0.0",
        "source-map": "^0.6.0"
      }
    },
    "ts-node": {
      "version": "10.0.0",
      "resolved": "https://registry.nlark.com/ts-node/download/ts-node-10.0.0.tgz?cache=0&sync_timestamp=1621798304685&other_urls=https%3A%2F%2Fregistry.nlark.com%2Fts-node%2Fdownload%2Fts-node-10.0.0.tgz",
      "integrity": "sha1-BfELmnFrC2JBKa1E8OoF2shLo74=",
      "dev": true,
      "requires": {
        "@tsconfig/node10": "^1.0.7",
        "@tsconfig/node12": "^1.0.7",
        "@tsconfig/node14": "^1.0.0",
        "@tsconfig/node16": "^1.0.1",
        "arg": "^4.1.0",
        "create-require": "^1.1.0",
        "diff": "^4.0.1",
        "make-error": "^1.1.1",
        "source-map-support": "^0.5.17",
        "yn": "3.1.1"
      }
    },
    "tslib": {
      "version": "2.2.0",
      "resolved": "https://registry.nlark.com/tslib/download/tslib-2.2.0.tgz?cache=0&sync_timestamp=1618847132149&other_urls=https%3A%2F%2Fregistry.nlark.com%2Ftslib%2Fdownload%2Ftslib-2.2.0.tgz",
      "integrity": "sha1-+yxHWXfjXiQTEe3iaTzuHsZpj1w=",
      "dev": true
    },
    "typescript": {
      "version": "4.3.2",
      "resolved": "https://registry.nlark.com/typescript/download/typescript-4.3.2.tgz",
      "integrity": "sha1-OZqxiqxFgC1vJJjeUFT8u+cWqAU=",
      "dev": true
    },
    "yn": {
      "version": "3.1.1",
      "resolved": "https://registry.npm.taobao.org/yn/download/yn-3.1.1.tgz",
      "integrity": "sha1-HodAGgnXZ8HV6rJqbkwYUYLS61A=",
      "dev": true
    }
  }
}
