lockfileVersion: 5.3

specifiers:
  '@types/lodash-es': ^4.17.5
  '@types/node': ^10.17.60
  core-decorators: latest
  csstype: ^3.0.10
  lodash: ^4.17.21
  redux: ^4.1.2
  reflect-metadata: latest
  ts-node: ^10.4.0
  typescript: ^4.5.2

dependencies:
  core-decorators: 0.20.0
  csstype: 3.0.10
  lodash: 4.17.21
  redux: 4.1.2
  reflect-metadata: 0.1.13

devDependencies:
  '@types/lodash-es': 4.17.5
  '@types/node': 10.17.60
  ts-node: 10.4.0_16df389858830f2cacac2153274c99d2
  typescript: 4.5.2

packages:

  /@babel/runtime/7.16.3:
    resolution: {integrity: sha512-WBwekcqacdY2e9AF/Q7WLFUWmdJGJTkbjqTjoMDgXkVZ3ZRUvOPsLb5KdwISoQVsbP+DQzVZW4Zhci0DvpbNTQ==, tarball: '@babel/runtime/download/@babel/runtime-7.16.3.tgz?cache=0&sync_timestamp=1636501703701&other_urls=https%3A%2F%2Fregistry.npmmirror.com%2F%40babel%2Fruntime%2Fdownload%2F%40babel%2Fruntime-7.16.3.tgz'}
    engines: {node: '>=6.9.0'}
    dependencies:
      regenerator-runtime: 0.13.9
    dev: false

  /@cspotcode/source-map-consumer/0.8.0:
    resolution: {integrity: sha1-M79LeznBeIIWBvZpu8RHpqYpeGs=, tarball: '@cspotcode/source-map-consumer/download/@cspotcode/source-map-consumer-0.8.0.tgz'}
    engines: {node: '>= 12'}
    dev: true

  /@cspotcode/source-map-support/0.7.0:
    resolution: {integrity: sha1-R4mECqhZ5G0vMXNyercHxmvzRPU=, tarball: '@cspotcode/source-map-support/download/@cspotcode/source-map-support-0.7.0.tgz'}
    engines: {node: '>=12'}
    dependencies:
      '@cspotcode/source-map-consumer': 0.8.0
    dev: true

  /@tsconfig/node10/1.0.8:
    resolution: {integrity: sha1-weToDW+WT77LM1nEO9SLQPfK2tk=, tarball: '@tsconfig/node10/download/@tsconfig/node10-1.0.8.tgz'}
    dev: true

  /@tsconfig/node12/1.0.9:
    resolution: {integrity: sha1-YsH23uLr2a6tgNw6+laBDljhoEw=, tarball: '@tsconfig/node12/download/@tsconfig/node12-1.0.9.tgz'}
    dev: true

  /@tsconfig/node14/1.0.1:
    resolution: {integrity: sha1-lfLRZ/+5uNIGiwsjUwL6/U33EfI=, tarball: '@tsconfig/node14/download/@tsconfig/node14-1.0.1.tgz'}
    dev: true

  /@tsconfig/node16/1.0.2:
    resolution: {integrity: sha1-Qjx3h30Fadsg4fyAiFrEEYMUAQ4=, tarball: '@tsconfig/node16/download/@tsconfig/node16-1.0.2.tgz'}
    dev: true

  /@types/lodash-es/4.17.5:
    resolution: {integrity: sha1-HD/dFoSdhK6kOJCxxg2jeftQE1M=, tarball: '@types/lodash-es/download/@types/lodash-es-4.17.5.tgz'}
    dependencies:
      '@types/lodash': 4.14.177
    dev: true

  /@types/lodash/4.14.177:
    resolution: {integrity: sha512-0fDwydE2clKe9MNfvXHBHF9WEahRuj+msTuQqOmAApNORFvhMYZKNGGJdCzuhheVjMps/ti0Ak/iJPACMaevvw==, tarball: '@types/lodash/download/@types/lodash-4.14.177.tgz'}
    dev: true

  /@types/node/10.17.60:
    resolution: {integrity: sha1-NfPWIT2u2V2n8Pc+dbzGmA6QWXs=, tarball: '@types/node/download/@types/node-10.17.60.tgz?cache=0&sync_timestamp=1637311265447&other_urls=https%3A%2F%2Fregistry.npmmirror.com%2F%40types%2Fnode%2Fdownload%2F%40types%2Fnode-10.17.60.tgz'}
    dev: true

  /acorn-walk/8.2.0:
    resolution: {integrity: sha1-dBIQ8uJCZFRQiFOi9E0KuDt/acE=, tarball: acorn-walk/download/acorn-walk-8.2.0.tgz}
    engines: {node: '>=0.4.0'}
    dev: true

  /acorn/8.6.0:
    resolution: {integrity: sha512-U1riIR+lBSNi3IbxtaHOIKdH8sLFv3NYfNv8sg7ZsNhcfl4HF2++BfqqrNAxoCLQW1iiylOj76ecnaUxz+z9yw==, tarball: acorn/download/acorn-8.6.0.tgz?cache=0&sync_timestamp=1637225784941&other_urls=https%3A%2F%2Fregistry.npmmirror.com%2Facorn%2Fdownload%2Facorn-8.6.0.tgz}
    engines: {node: '>=0.4.0'}
    hasBin: true
    dev: true

  /arg/4.1.3:
    resolution: {integrity: sha1-Jp/HrVuOQstjyJbVZmAXJhwUQIk=, tarball: arg/download/arg-4.1.3.tgz}
    dev: true

  /core-decorators/0.20.0:
    resolution: {integrity: sha1-YFiWYkBTr4wo775zXCWjAaYcZcU=, tarball: core-decorators/download/core-decorators-0.20.0.tgz}
    dev: false

  /create-require/1.1.1:
    resolution: {integrity: sha1-wdfo8eX2z8n/ZfnNNS03NIdWwzM=, tarball: create-require/download/create-require-1.1.1.tgz}
    dev: true

  /csstype/3.0.10:
    resolution: {integrity: sha512-2u44ZG2OcNUO9HDp/Jl8C07x6pU/eTR3ncV91SiK3dhG9TWvRVsCoJw14Ckx5DgWkzGA3waZWO3d7pgqpUI/XA==, tarball: csstype/download/csstype-3.0.10.tgz?cache=0&sync_timestamp=1637224867418&other_urls=https%3A%2F%2Fregistry.npmmirror.com%2Fcsstype%2Fdownload%2Fcsstype-3.0.10.tgz}
    dev: false

  /diff/4.0.2:
    resolution: {integrity: sha1-YPOuy4nV+uUgwRqhnvwruYKq3n0=, tarball: diff/download/diff-4.0.2.tgz}
    engines: {node: '>=0.3.1'}
    dev: true

  /lodash/4.17.21:
    resolution: {integrity: sha1-Z5WRxWTDv/quhFTPCz3zcMPWkRw=, tarball: lodash/download/lodash-4.17.21.tgz?cache=0&sync_timestamp=1632820929452&other_urls=https%3A%2F%2Fregistry.npmmirror.com%2Flodash%2Fdownload%2Flodash-4.17.21.tgz}
    dev: false

  /make-error/1.3.6:
    resolution: {integrity: sha1-LrLjfqm2fEiR9oShOUeZr0hM96I=, tarball: make-error/download/make-error-1.3.6.tgz}
    dev: true

  /redux/4.1.2:
    resolution: {integrity: sha1-FA81Qm2Zu0cpr3YK/PeeqqxAcQQ=, tarball: redux/download/redux-4.1.2.tgz}
    dependencies:
      '@babel/runtime': 7.16.3
    dev: false

  /reflect-metadata/0.1.13:
    resolution: {integrity: sha1-Z648pXyXKiqhZCsQ/jY/4y1J3Ag=, tarball: reflect-metadata/download/reflect-metadata-0.1.13.tgz}
    dev: false

  /regenerator-runtime/0.13.9:
    resolution: {integrity: sha1-iSV0Kpj/2QgUmI11Zq0wyjsmO1I=, tarball: regenerator-runtime/download/regenerator-runtime-0.13.9.tgz}
    dev: false

  /ts-node/10.4.0_16df389858830f2cacac2153274c99d2:
    resolution: {integrity: sha1-aA+IlFiF9ObPRQ5/DWIj3UBIlfc=, tarball: ts-node/download/ts-node-10.4.0.tgz?cache=0&sync_timestamp=1636428823694&other_urls=https%3A%2F%2Fregistry.npmmirror.com%2Fts-node%2Fdownload%2Fts-node-10.4.0.tgz}
    hasBin: true
    peerDependencies:
      '@swc/core': '>=1.2.50'
      '@swc/wasm': '>=1.2.50'
      '@types/node': '*'
      typescript: '>=2.7'
    peerDependenciesMeta:
      '@swc/core':
        optional: true
      '@swc/wasm':
        optional: true
    dependencies:
      '@cspotcode/source-map-support': 0.7.0
      '@tsconfig/node10': 1.0.8
      '@tsconfig/node12': 1.0.9
      '@tsconfig/node14': 1.0.1
      '@tsconfig/node16': 1.0.2
      '@types/node': 10.17.60
      acorn: 8.6.0
      acorn-walk: 8.2.0
      arg: 4.1.3
      create-require: 1.1.1
      diff: 4.0.2
      make-error: 1.3.6
      typescript: 4.5.2
      yn: 3.1.1
    dev: true

  /typescript/4.5.2:
    resolution: {integrity: sha512-5BlMof9H1yGt0P8/WF+wPNw6GfctgGjXp5hkblpyT+8rkASSmkUKMXrxR0Xg8ThVCi/JnHQiKXeBaEwCeQwMFw==, tarball: typescript/download/typescript-4.5.2.tgz}
    engines: {node: '>=4.2.0'}
    hasBin: true
    dev: true

  /yn/3.1.1:
    resolution: {integrity: sha1-HodAGgnXZ8HV6rJqbkwYUYLS61A=, tarball: yn/download/yn-3.1.1.tgz}
    engines: {node: '>=6'}
    dev: true
